
Microsoft Visual Studio Solution File, Format Version 12.00
# Visual Studio Version 17
VisualStudioVersion = 17.2.32516.85
MinimumVisualStudioVersion = 10.0.40219.1
Project("{FAE04EC0-301F-11D3-BF4B-00C04F79EFBC}") = "AI_laba1", "AI_laba1\AI_laba1.csproj", "{A41C0290-04CD-41F8-9546-CB2455EB3411}"
EndProject
Global
	GlobalSection(SolutionConfigurationPlatforms) = preSolution
		Debug|Any CPU = Debug|Any CPU
		Release|Any CPU = Release|Any CPU
	EndGlobalSection
	GlobalSection(ProjectConfigurationPlatforms) = postSolution
		{A41C0290-04CD-41F8-9546-CB2455EB3411}.Debug|Any CPU.ActiveCfg = Debug|Any CPU
		{A41C0290-04CD-41F8-9546-CB2455EB3411}.Debug|Any CPU.Build.0 = Debug|Any CPU
		{A41C0290-04CD-41F8-9546-CB2455EB3411}.Release|Any CPU.ActiveCfg = Release|Any CPU
		{A41C0290-04CD-41F8-9546-CB2455EB3411}.Release|Any CPU.Build.0 = Release|Any CPU
	EndGlobalSection
	GlobalSection(SolutionProperties) = preSolution
		HideSolutionNode = FALSE
	EndGlobalSection
	GlobalSection(ExtensibilityGlobals) = postSolution
		SolutionGuid = {9EDB1185-A174-483C-AAF2-CC5B6AD0E6A6}
	EndGlobalSection
EndGlobal
